// !$*UTF8*$!
{
	archiveVersion = 1;
	classes = {
	};
	objectVersion = 56;
	objects = {

/* Begin PBXBuildFile section */
		1C4991682A4EF83900D293C6 /* DemoApp.swift in Sources */ = {isa = PBXBuildFile; fileRef = 1C4991672A4EF83900D293C6 /* DemoApp.swift */; };
		1C49916A2A4EF83900D293C6 /* ContentView.swift in Sources */ = {isa = PBXBuildFile; fileRef = 1C4991692A4EF83900D293C6 /* ContentView.swift */; };
		1C49916C2A4EF83A00D293C6 /* Assets.xcassets in Resources */ = {isa = PBXBuildFile; fileRef = 1C49916B2A4EF83A00D293C6 /* Assets.xcassets */; };
		1C49916F2A4EF83A00D293C6 /* Preview Assets.xcassets in Resources */ = {isa = PBXBuildFile; fileRef = 1C49916E2A4EF83A00D293C6 /* Preview Assets.xcassets */; };
		1C49917A2A4EF9A700D293C6 /* StrivacitySDK in Frameworks */ = {isa = PBXBuildFile; productRef = 1C4991792A4EF9A700D293C6 /* StrivacitySDK */; };
		1C49917C2A4EF9DB00D293C6 /* Controller.swift in Sources */ = {isa = PBXBuildFile; fileRef = 1C49917B2A4EF9DB00D293C6 /* Controller.swift */; };
		1C49917E2A4EF9F800D293C6 /* AppDelegate.swift in Sources */ = {isa = PBXBuildFile; fileRef = 1C49917D2A4EF9F800D293C6 /* AppDelegate.swift */; };
		1C4991812A4EFAB000D293C6 /* Config.xcconfig in Resources */ = {isa = PBXBuildFile; fileRef = 1C4991802A4EFAB000D293C6 /* Config.xcconfig */; };
		1C8452C72C9D97C30041D040 /* CustomStorageImpl.swift in Sources */ = {isa = PBXBuildFile; fileRef = 1C8452C62C9D97C30041D040 /* CustomStorageImpl.swift */; };
/* End PBXBuildFile section */

/* Begin PBXFileReference section */
		1C4991642A4EF83900D293C6 /* DemoApp.app */ = {isa = PBXFileReference; explicitFileType = wrapper.application; includeInIndex = 0; path = DemoApp.app; sourceTree = BUILT_PRODUCTS_DIR; };
		1C4991672A4EF83900D293C6 /* DemoApp.swift */ = {isa = PBXFileReference; lastKnownFileType = sourcecode.swift; path = DemoApp.swift; sourceTree = "<group>"; };
		1C4991692A4EF83900D293C6 /* ContentView.swift */ = {isa = PBXFileReference; lastKnownFileType = sourcecode.swift; path = ContentView.swift; sourceTree = "<group>"; };
		1C49916B2A4EF83A00D293C6 /* Assets.xcassets */ = {isa = PBXFileReference; lastKnownFileType = folder.assetcatalog; path = Assets.xcassets; sourceTree = "<group>"; };
		1C49916E2A4EF83A00D293C6 /* Preview Assets.xcassets */ = {isa = PBXFileReference; lastKnownFileType = folder.assetcatalog; path = "Preview Assets.xcassets"; sourceTree = "<group>"; };
		1C4991752A4EF91900D293C6 /* Info.plist */ = {isa = PBXFileReference; lastKnownFileType = text.plist; path = Info.plist; sourceTree = "<group>"; };
		1C4991772A4EF99A00D293C6 /* StrivacitySDK */ = {isa = PBXFileReference; lastKnownFileType = wrapper; name = StrivacitySDK; path = ..; sourceTree = "<group>"; };
		1C49917B2A4EF9DB00D293C6 /* Controller.swift */ = {isa = PBXFileReference; lastKnownFileType = sourcecode.swift; path = Controller.swift; sourceTree = "<group>"; };
		1C49917D2A4EF9F800D293C6 /* AppDelegate.swift */ = {isa = PBXFileReference; lastKnownFileType = sourcecode.swift; path = AppDelegate.swift; sourceTree = "<group>"; };
		1C49917F2A4EFA6500D293C6 /* DemoApp.entitlements */ = {isa = PBXFileReference; lastKnownFileType = text.plist.entitlements; path = DemoApp.entitlements; sourceTree = "<group>"; };
		1C4991802A4EFAB000D293C6 /* Config.xcconfig */ = {isa = PBXFileReference; lastKnownFileType = text.xcconfig; path = Config.xcconfig; sourceTree = "<group>"; };
		1C8452C62C9D97C30041D040 /* CustomStorageImpl.swift */ = {isa = PBXFileReference; lastKnownFileType = sourcecode.swift; path = CustomStorageImpl.swift; sourceTree = "<group>"; };
/* End PBXFileReference section */

/* Begin PBXFrameworksBuildPhase section */
		1C4991612A4EF83900D293C6 /* Frameworks */ = {
			isa = PBXFrameworksBuildPhase;
			buildActionMask = 2147483647;
			files = (
				1C49917A2A4EF9A700D293C6 /* StrivacitySDK in Frameworks */,
			);
			runOnlyForDeploymentPostprocessing = 0;
		};
/* End PBXFrameworksBuildPhase section */

/* Begin PBXGroup section */
		1C49915B2A4EF83900D293C6 = {
			isa = PBXGroup;
			children = (
				1C4991762A4EF99A00D293C6 /* Packages */,
				1C4991662A4EF83900D293C6 /* DemoApp */,
				1C4991652A4EF83900D293C6 /* Products */,
				1C4991782A4EF9A700D293C6 /* Frameworks */,
			);
			sourceTree = "<group>";
		};
		1C4991652A4EF83900D293C6 /* Products */ = {
			isa = PBXGroup;
			children = (
				1C4991642A4EF83900D293C6 /* DemoApp.app */,
			);
			name = Products;
			sourceTree = "<group>";
		};
		1C4991662A4EF83900D293C6 /* DemoApp */ = {
			isa = PBXGroup;
			children = (
				1C4991752A4EF91900D293C6 /* Info.plist */,
				1C4991672A4EF83900D293C6 /* DemoApp.swift */,
				1C4991692A4EF83900D293C6 /* ContentView.swift */,
				1C49916B2A4EF83A00D293C6 /* Assets.xcassets */,
				1C49916D2A4EF83A00D293C6 /* Preview Content */,
				1C49917B2A4EF9DB00D293C6 /* Controller.swift */,
				1C49917D2A4EF9F800D293C6 /* AppDelegate.swift */,
				1C49917F2A4EFA6500D293C6 /* DemoApp.entitlements */,
				1C4991802A4EFAB000D293C6 /* Config.xcconfig */,
				1C8452C62C9D97C30041D040 /* CustomStorageImpl.swift */,
			);
			path = DemoApp;
			sourceTree = "<group>";
		};
		1C49916D2A4EF83A00D293C6 /* Preview Content */ = {
			isa = PBXGroup;
			children = (
				1C49916E2A4EF83A00D293C6 /* Preview Assets.xcassets */,
			);
			path = "Preview Content";
			sourceTree = "<group>";
		};
		1C4991762A4EF99A00D293C6 /* Packages */ = {
			isa = PBXGroup;
			children = (
				1C4991772A4EF99A00D293C6 /* StrivacitySDK */,
			);
			name = Packages;
			sourceTree = "<group>";
		};
		1C4991782A4EF9A700D293C6 /* Frameworks */ = {
			isa = PBXGroup;
			children = (
			);
			name = Frameworks;
			sourceTree = "<group>";
		};
/* End PBXGroup section */

/* Begin PBXNativeTarget section */
		1C4991632A4EF83900D293C6 /* DemoApp */ = {
			isa = PBXNativeTarget;
			buildConfigurationList = 1C4991722A4EF83A00D293C6 /* Build configuration list for PBXNativeTarget "DemoApp" */;
			buildPhases = (
				1C4991602A4EF83900D293C6 /* Sources */,
				1C4991612A4EF83900D293C6 /* Frameworks */,
				1C4991622A4EF83900D293C6 /* Resources */,
			);
			buildRules = (
			);
			dependencies = (
			);
			name = DemoApp;
			packageProductDependencies = (
				1C4991792A4EF9A700D293C6 /* StrivacitySDK */,
			);
			productName = DemoApp;
			productReference = 1C4991642A4EF83900D293C6 /* DemoApp.app */;
			productType = "com.apple.product-type.application";
		};
/* End PBXNativeTarget section */

/* Begin PBXProject section */
		1C49915C2A4EF83900D293C6 /* Project object */ = {
			isa = PBXProject;
			attributes = {
				BuildIndependentTargetsInParallel = 1;
				LastSwiftUpdateCheck = 1430;
				LastUpgradeCheck = 1430;
				TargetAttributes = {
					1C4991632A4EF83900D293C6 = {
						CreatedOnToolsVersion = 14.3;
					};
				};
			};
			buildConfigurationList = 1C49915F2A4EF83900D293C6 /* Build configuration list for PBXProject "DemoApp" */;
			compatibilityVersion = "Xcode 14.0";
			developmentRegion = en;
			hasScannedForEncodings = 0;
			knownRegions = (
				en,
				Base,
			);
			mainGroup = 1C49915B2A4EF83900D293C6;
			productRefGroup = 1C4991652A4EF83900D293C6 /* Products */;
			projectDirPath = "";
			projectRoot = "";
			targets = (
				1C4991632A4EF83900D293C6 /* DemoApp */,
			);
		};
/* End PBXProject section */

/* Begin PBXResourcesBuildPhase section */
		1C4991622A4EF83900D293C6 /* Resources */ = {
			isa = PBXResourcesBuildPhase;
			buildActionMask = 2147483647;
			files = (
				1C49916F2A4EF83A00D293C6 /* Preview Assets.xcassets in Resources */,
				1C4991812A4EFAB000D293C6 /* Config.xcconfig in Resources */,
				1C49916C2A4EF83A00D293C6 /* Assets.xcassets in Resources */,
			);
			runOnlyForDeploymentPostprocessing = 0;
		};
/* End PBXResourcesBuildPhase section */

/* Begin PBXSourcesBuildPhase section */
		1C4991602A4EF83900D293C6 /* Sources */ = {
			isa = PBXSourcesBuildPhase;
			buildActionMask = 2147483647;
			files = (
				1C49917E2A4EF9F800D293C6 /* AppDelegate.swift in Sources */,
				1C49917C2A4EF9DB00D293C6 /* Controller.swift in Sources */,
				1C49916A2A4EF83900D293C6 /* ContentView.swift in Sources */,
				1C8452C72C9D97C30041D040 /* CustomStorageImpl.swift in Sources */,
				1C4991682A4EF83900D293C6 /* DemoApp.swift in Sources */,
			);
			runOnlyForDeploymentPostprocessing = 0;
		};
/* End PBXSourcesBuildPhase section */

/* Begin XCBuildConfiguration section */
		1C4991702A4EF83A00D293C6 /* Debug */ = {
			isa = XCBuildConfiguration;
			buildSettings = {
				ALWAYS_SEARCH_USER_PATHS = NO;
				CLANG_ANALYZER_NONNULL = YES;
				CLANG_ANALYZER_NUMBER_OBJECT_CONVERSION = YES_AGGRESSIVE;
				CLANG_CXX_LANGUAGE_STANDARD = "gnu++20";
				CLANG_ENABLE_MODULES = YES;
				CLANG_ENABLE_OBJC_ARC = YES;
				CLANG_ENABLE_OBJC_WEAK = YES;
				CLANG_WARN_BLOCK_CAPTURE_AUTORELEASING = YES;
				CLANG_WARN_BOOL_CONVERSION = YES;
				CLANG_WARN_COMMA = YES;
				CLANG_WARN_CONSTANT_CONVERSION = YES;
				CLANG_WARN_DEPRECATED_OBJC_IMPLEMENTATIONS = YES;
				CLANG_WARN_DIRECT_OBJC_ISA_USAGE = YES_ERROR;
				CLANG_WARN_DOCUMENTATION_COMMENTS = YES;
				CLANG_WARN_EMPTY_BODY = YES;
				CLANG_WARN_ENUM_CONVERSION = YES;
				CLANG_WARN_INFINITE_RECURSION = YES;
				CLANG_WARN_INT_CONVERSION = YES;
				CLANG_WARN_NON_LITERAL_NULL_CONVERSION = YES;
				CLANG_WARN_OBJC_IMPLICIT_RETAIN_SELF = YES;
				CLANG_WARN_OBJC_LITERAL_CONVERSION = YES;
				CLANG_WARN_OBJC_ROOT_CLASS = YES_ERROR;
				CLANG_WARN_QUOTED_INCLUDE_IN_FRAMEWORK_HEADER = YES;
				CLANG_WARN_RANGE_LOOP_ANALYSIS = YES;
				CLANG_WARN_STRICT_PROTOTYPES = YES;
				CLANG_WARN_SUSPICIOUS_MOVE = YES;
				CLANG_WARN_UNGUARDED_AVAILABILITY = YES_AGGRESSIVE;
				CLANG_WARN_UNREACHABLE_CODE = YES;
				CLANG_WARN__DUPLICATE_METHOD_MATCH = YES;
				COPY_PHASE_STRIP = NO;
				DEBUG_INFORMATION_FORMAT = dwarf;
				ENABLE_STRICT_OBJC_MSGSEND = YES;
				ENABLE_TESTABILITY = YES;
				GCC_C_LANGUAGE_STANDARD = gnu11;
				GCC_DYNAMIC_NO_PIC = NO;
				GCC_NO_COMMON_BLOCKS = YES;
				GCC_OPTIMIZATION_LEVEL = 0;
				GCC_PREPROCESSOR_DEFINITIONS = (
					"DEBUG=1",
					"$(inherited)",
				);
				GCC_WARN_64_TO_32_BIT_CONVERSION = YES;
				GCC_WARN_ABOUT_RETURN_TYPE = YES_ERROR;
				GCC_WARN_UNDECLARED_SELECTOR = YES;
				GCC_WARN_UNINITIALIZED_AUTOS = YES_AGGRESSIVE;
				GCC_WARN_UNUSED_FUNCTION = YES;
				GCC_WARN_UNUSED_VARIABLE = YES;
				IPHONEOS_DEPLOYMENT_TARGET = 16.4;
				MTL_ENABLE_DEBUG_INFO = INCLUDE_SOURCE;
				MTL_FAST_MATH = YES;
				ONLY_ACTIVE_ARCH = YES;
				SDKROOT = iphoneos;
				SWIFT_ACTIVE_COMPILATION_CONDITIONS = DEBUG;
				SWIFT_OPTIMIZATION_LEVEL = "-Onone";
			};
			name = Debug;
		};
		1C4991712A4EF83A00D293C6 /* Release */ = {
			isa = XCBuildConfiguration;
			buildSettings = {
				ALWAYS_SEARCH_USER_PATHS = NO;
				CLANG_ANALYZER_NONNULL = YES;
				CLANG_ANALYZER_NUMBER_OBJECT_CONVERSION = YES_AGGRESSIVE;
				CLANG_CXX_LANGUAGE_STANDARD = "gnu++20";
				CLANG_ENABLE_MODULES = YES;
				CLANG_ENABLE_OBJC_ARC = YES;
				CLANG_ENABLE_OBJC_WEAK = YES;
				CLANG_WARN_BLOCK_CAPTURE_AUTORELEASING = YES;
				CLANG_WARN_BOOL_CONVERSION = YES;
				CLANG_WARN_COMMA = YES;
				CLANG_WARN_CONSTANT_CONVERSION = YES;
				CLANG_WARN_DEPRECATED_OBJC_IMPLEMENTATIONS = YES;
				CLANG_WARN_DIRECT_OBJC_ISA_USAGE = YES_ERROR;
				CLANG_WARN_DOCUMENTATION_COMMENTS = YES;
				CLANG_WARN_EMPTY_BODY = YES;
				CLANG_WARN_ENUM_CONVERSION = YES;
				CLANG_WARN_INFINITE_RECURSION = YES;
				CLANG_WARN_INT_CONVERSION = YES;
				CLANG_WARN_NON_LITERAL_NULL_CONVERSION = YES;
				CLANG_WARN_OBJC_IMPLICIT_RETAIN_SELF = YES;
				CLANG_WARN_OBJC_LITERAL_CONVERSION = YES;
				CLANG_WARN_OBJC_ROOT_CLASS = YES_ERROR;
				CLANG_WARN_QUOTED_INCLUDE_IN_FRAMEWORK_HEADER = YES;
				CLANG_WARN_RANGE_LOOP_ANALYSIS = YES;
				CLANG_WARN_STRICT_PROTOTYPES = YES;
				CLANG_WARN_SUSPICIOUS_MOVE = YES;
				CLANG_WARN_UNGUARDED_AVAILABILITY = YES_AGGRESSIVE;
				CLANG_WARN_UNREACHABLE_CODE = YES;
				CLANG_WARN__DUPLICATE_METHOD_MATCH = YES;
				COPY_PHASE_STRIP = NO;
				DEBUG_INFORMATION_FORMAT = "dwarf-with-dsym";
				ENABLE_NS_ASSERTIONS = NO;
				ENABLE_STRICT_OBJC_MSGSEND = YES;
				GCC_C_LANGUAGE_STANDARD = gnu11;
				GCC_NO_COMMON_BLOCKS = YES;
				GCC_WARN_64_TO_32_BIT_CONVERSION = YES;
				GCC_WARN_ABOUT_RETURN_TYPE = YES_ERROR;
				GCC_WARN_UNDECLARED_SELECTOR = YES;
				GCC_WARN_UNINITIALIZED_AUTOS = YES_AGGRESSIVE;
				GCC_WARN_UNUSED_FUNCTION = YES;
				GCC_WARN_UNUSED_VARIABLE = YES;
				IPHONEOS_DEPLOYMENT_TARGET = 16.4;
				MTL_ENABLE_DEBUG_INFO = NO;
				MTL_FAST_MATH = YES;
				SDKROOT = iphoneos;
				SWIFT_COMPILATION_MODE = wholemodule;
				SWIFT_OPTIMIZATION_LEVEL = "-O";
				VALIDATE_PRODUCT = YES;
			};
			name = Release;
		};
		1C4991732A4EF83A00D293C6 /* Debug */ = {
			isa = XCBuildConfiguration;
			baseConfigurationReference = 1C4991802A4EFAB000D293C6 /* Config.xcconfig */;
			buildSettings = {
				ASSETCATALOG_COMPILER_APPICON_NAME = AppIcon;
				ASSETCATALOG_COMPILER_GLOBAL_ACCENT_COLOR_NAME = AccentColor;
				CODE_SIGN_STYLE = Automatic;
				CURRENT_PROJECT_VERSION = 1;
				DEVELOPMENT_ASSET_PATHS = "\"DemoApp/Preview Content\"";
				ENABLE_PREVIEWS = YES;
				GENERATE_INFOPLIST_FILE = YES;
				INFOPLIST_FILE = DemoApp/Info.plist;
				INFOPLIST_KEY_UIApplicationSceneManifest_Generation = YES;
				INFOPLIST_KEY_UIApplicationSupportsIndirectInputEvents = YES;
				INFOPLIST_KEY_UILaunchScreen_Generation = YES;
				INFOPLIST_KEY_UISupportedInterfaceOrientations_iPad = "UIInterfaceOrientationPortrait UIInterfaceOrientationPortraitUpsideDown UIInterfaceOrientationLandscapeLeft UIInterfaceOrientationLandscapeRight";
				INFOPLIST_KEY_UISupportedInterfaceOrientations_iPhone = "UIInterfaceOrientationPortrait UIInterfaceOrientationLandscapeLeft UIInterfaceOrientationLandscapeRight";
				LD_RUNPATH_SEARCH_PATHS = (
					"$(inherited)",
					"@executable_path/Frameworks",
				);
				MARKETING_VERSION = 1.0;
				PRODUCT_BUNDLE_IDENTIFIER = com.strivacity.sdk.demoapp;
				PRODUCT_NAME = "$(TARGET_NAME)";
				SWIFT_EMIT_LOC_STRINGS = YES;
				SWIFT_VERSION = 5.0;
				TARGETED_DEVICE_FAMILY = "1,2";
			};
			name = Debug;
		};
		1C4991742A4EF83A00D293C6 /* Release */ = {
			isa = XCBuildConfiguration;
			baseConfigurationReference = 1C4991802A4EFAB000D293C6 /* Config.xcconfig */;
			buildSettings = {
				ASSETCATALOG_COMPILER_APPICON_NAME = AppIcon;
				ASSETCATALOG_COMPILER_GLOBAL_ACCENT_COLOR_NAME = AccentColor;
				CODE_SIGN_STYLE = Automatic;
				CURRENT_PROJECT_VERSION = 1;
				DEVELOPMENT_ASSET_PATHS = "\"DemoApp/Preview Content\"";
				ENABLE_PREVIEWS = YES;
				GENERATE_INFOPLIST_FILE = YES;
				INFOPLIST_FILE = DemoApp/Info.plist;
				INFOPLIST_KEY_UIApplicationSceneManifest_Generation = YES;
				INFOPLIST_KEY_UIApplicationSupportsIndirectInputEvents = YES;
				INFOPLIST_KEY_UILaunchScreen_Generation = YES;
				INFOPLIST_KEY_UISupportedInterfaceOrientations_iPad = "UIInterfaceOrientationPortrait UIInterfaceOrientationPortraitUpsideDown UIInterfaceOrientationLandscapeLeft UIInterfaceOrientationLandscapeRight";
				INFOPLIST_KEY_UISupportedInterfaceOrientations_iPhone = "UIInterfaceOrientationPortrait UIInterfaceOrientationLandscapeLeft UIInterfaceOrientationLandscapeRight";
				LD_RUNPATH_SEARCH_PATHS = (
					"$(inherited)",
					"@executable_path/Frameworks",
				);
				MARKETING_VERSION = 1.0;
				PRODUCT_BUNDLE_IDENTIFIER = com.strivacity.sdk.demoapp;
				PRODUCT_NAME = "$(TARGET_NAME)";
				SWIFT_EMIT_LOC_STRINGS = YES;
				SWIFT_VERSION = 5.0;
				TARGETED_DEVICE_FAMILY = "1,2";
			};
			name = Release;
		};
/* End XCBuildConfiguration section */

/* Begin XCConfigurationList section */
		1C49915F2A4EF83900D293C6 /* Build configuration list for PBXProject "DemoApp" */ = {
			isa = XCConfigurationList;
			buildConfigurations = (
				1C4991702A4EF83A00D293C6 /* Debug */,
				1C4991712A4EF83A00D293C6 /* Release */,
			);
			defaultConfigurationIsVisible = 0;
			defaultConfigurationName = Release;
		};
		1C4991722A4EF83A00D293C6 /* Build configuration list for PBXNativeTarget "DemoApp" */ = {
			isa = XCConfigurationList;
			buildConfigurations = (
				1C4991732A4EF83A00D293C6 /* Debug */,
				1C4991742A4EF83A00D293C6 /* Release */,
			);
			defaultConfigurationIsVisible = 0;
			defaultConfigurationName = Release;
		};
/* End XCConfigurationList section */

/* Begin XCSwiftPackageProductDependency section */
		1C4991792A4EF9A700D293C6 /* StrivacitySDK */ = {
			isa = XCSwiftPackageProductDependency;
			productName = StrivacitySDK;
		};
/* End XCSwiftPackageProductDependency section */
	};
	rootObject = 1C49915C2A4EF83900D293C6 /* Project object */;
}
